
Microsoft Visual Studio Solution File, Format Version 12.00
# Visual Studio 15
VisualStudioVersion = 15.0.28307.106
MinimumVisualStudioVersion = 10.0.40219.1
Project("{FAE04EC0-301F-11D3-BF4B-00C04F79EFBC}") = "street-view", "street-view\street-view.csproj", "{45E8D940-BBF5-45FA-9B43-88B2556882F9}"
EndProject
Global
	GlobalSection(SolutionConfigurationPlatforms) = preSolution
		Debug|Any CPU = Debug|Any CPU
		Release|Any CPU = Release|Any CPU
	EndGlobalSection
	GlobalSection(ProjectConfigurationPlatforms) = postSolution
		{45E8D940-BBF5-45FA-9B43-88B2556882F9}.Debug|Any CPU.ActiveCfg = Debug|Any CPU
		{45E8D940-BBF5-45FA-9B43-88B2556882F9}.Debug|Any CPU.Build.0 = Debug|Any CPU
		{45E8D940-BBF5-45FA-9B43-88B2556882F9}.Release|Any CPU.ActiveCfg = Release|Any CPU
		{45E8D940-BBF5-45FA-9B43-88B2556882F9}.Release|Any CPU.Build.0 = Release|Any CPU
	EndGlobalSection
	GlobalSection(SolutionProperties) = preSolution
		HideSolutionNode = FALSE
	EndGlobalSection
	GlobalSection(ExtensibilityGlobals) = postSolution
		SolutionGuid = {F6B58264-2997-4045-983E-98FA4E7EEF2D}
	EndGlobalSection
EndGlobal
